{
  "lockfileVersion": 1,
  "workspaces": {
    "": {
      "dependencies": {
        "cropperjs": "^2.0.0",
      },
    },
  },
  "packages": {
    "@cropper/element": ["@cropper/element@2.0.0", "", { "dependencies": { "@cropper/utils": "^2.0.0" } }, "sha512-lsthn0nQq73GExUE7Mg/ss6Q3RXADGDv055hxoLFwvl/wGHgy6ZkYlfLZ/VmgBHC6jDK5IgPBFnqrPqlXWSGBA=="],

    "@cropper/element-canvas": ["@cropper/element-canvas@2.0.0", "", { "dependencies": { "@cropper/element": "^2.0.0", "@cropper/utils": "^2.0.0" } }, "sha512-GPtGJgSm92crJhhhwUsaMw3rz2KfJWWSz7kRAlufFEV/EHTP5+6r6/Z1BCGRna830i+Avqbm435XLOtA7PVJwA=="],

    "@cropper/element-crosshair": ["@cropper/element-crosshair@2.0.0", "", { "dependencies": { "@cropper/element": "^2.0.0", "@cropper/utils": "^2.0.0" } }, "sha512-KfPfyrdeFvUC31Ws7ATtcalWWSaMtrC6bMoCipZhqbUOE7wZoL4ecDSL6BUOZxPa74awZUqfzirCDjHvheBfyw=="],

    "@cropper/element-grid": ["@cropper/element-grid@2.0.0", "", { "dependencies": { "@cropper/element": "^2.0.0", "@cropper/utils": "^2.0.0" } }, "sha512-i78SQ0IJTLFveKX6P7svkfMYVdgHrQ8ZmmEw8keFy9n1ZVbK+SK0UHK5FNMRNI/gtVhKJOGEnK/zeyjUdj4Iyw=="],

    "@cropper/element-handle": ["@cropper/element-handle@2.0.0", "", { "dependencies": { "@cropper/element": "^2.0.0", "@cropper/utils": "^2.0.0" } }, "sha512-ZJvW+0MkK9E8xYymGdoruaQn2kwjSHFpNSWinjyq6csuVQiCPxlX5ovAEDldmZ9MWePPtWEi3vLKQOo2Yb0T8g=="],

    "@cropper/element-image": ["@cropper/element-image@2.0.0", "", { "dependencies": { "@cropper/element": "^2.0.0", "@cropper/element-canvas": "^2.0.0", "@cropper/utils": "^2.0.0" } }, "sha512-9BxiTS/aHRmrjopaFQb9mQQXmx4ruhYHGkDZMVz24AXpMFjUY6OpqrWse/WjzD9tfhMFvEdu17b3VAekcAgpeg=="],

    "@cropper/element-selection": ["@cropper/element-selection@2.0.0", "", { "dependencies": { "@cropper/element": "^2.0.0", "@cropper/element-canvas": "^2.0.0", "@cropper/element-image": "^2.0.0", "@cropper/utils": "^2.0.0" } }, "sha512-ensNnbIfJsJ8bhbJTH/RXtk2URFvTOO4TvfRk461n2FPEC588D7rwBmUJxQg74IiTi4y1JbCI+6j+4LyzYBLCQ=="],

    "@cropper/element-shade": ["@cropper/element-shade@2.0.0", "", { "dependencies": { "@cropper/element": "^2.0.0", "@cropper/element-canvas": "^2.0.0", "@cropper/element-selection": "^2.0.0", "@cropper/utils": "^2.0.0" } }, "sha512-jv/2bbNZnhU4W+T4G0c8ADocLIZvQFTXgCf2RFDNhI5UVxurzWBnDdb8Mx8LnVplnkTqO+xUmHZYve0CwgWo+Q=="],

    "@cropper/element-viewer": ["@cropper/element-viewer@2.0.0", "", { "dependencies": { "@cropper/element": "^2.0.0", "@cropper/element-canvas": "^2.0.0", "@cropper/element-image": "^2.0.0", "@cropper/element-selection": "^2.0.0", "@cropper/utils": "^2.0.0" } }, "sha512-zY+3VRN5TvpM8twlphYtXw0tzJL2VgzeK7ufhL1BixVqOdRxwP13TprYIhqwGt9EW/SyJZUiaIu396T89kRX8A=="],

    "@cropper/elements": ["@cropper/elements@2.0.0", "", { "dependencies": { "@cropper/element": "^2.0.0", "@cropper/element-canvas": "^2.0.0", "@cropper/element-crosshair": "^2.0.0", "@cropper/element-grid": "^2.0.0", "@cropper/element-handle": "^2.0.0", "@cropper/element-image": "^2.0.0", "@cropper/element-selection": "^2.0.0", "@cropper/element-shade": "^2.0.0", "@cropper/element-viewer": "^2.0.0" } }, "sha512-PQkPo1nUjxLFUQuHYu+6atfHxpX9B41Xribao6wpvmvmNIFML6LQdNqqWYb6LyM7ujsu71CZdBiMT5oetjJVoQ=="],

    "@cropper/utils": ["@cropper/utils@2.0.0", "", {}, "sha512-cprLYr+7kK3faGgoOsTW9gIn5sefDr2KwOmgyjzIXk+8PLpW8FgFKEg5FoWfRD5zMAmkCBuX6rGKDK3VdUEGrg=="],

    "cropperjs": ["cropperjs@2.0.0", "", { "dependencies": { "@cropper/elements": "^2.0.0", "@cropper/utils": "^2.0.0" } }, "sha512-TO2j0Qre01kPHbow4FuTrbdEB4jTmGRySxW49jyEIqlJZuEBfrvCTT0vC3eRB2WBXudDfKi1Onako6DKWKxeAQ=="],
  }
}
